
Microsoft Visual Studio Solution File, Format Version 12.00
# Visual Studio 14
VisualStudioVersion = 14.0.25123.0
MinimumVisualStudioVersion = 10.0.40219.1
Project("{00D1A9C2-B5F0-4AF3-8072-F6C62B433612}") = "SamDatabase", "SamDatabase\SamDatabase.sqlproj", "{8E362D5F-1667-4AAA-91FB-03A0800F2219}"
EndProject
Project("{FAE04EC0-301F-11D3-BF4B-00C04F79EFBC}") = "SAM1", "SAM\SAM1.csproj", "{FE403266-95F1-4003-823D-624046044C83}"
EndProject
Global
	GlobalSection(SolutionConfigurationPlatforms) = preSolution
		Debug|Any CPU = Debug|Any CPU
		Release|Any CPU = Release|Any CPU
	EndGlobalSection
	GlobalSection(ProjectConfigurationPlatforms) = postSolution
		{8E362D5F-1667-4AAA-91FB-03A0800F2219}.Debug|Any CPU.ActiveCfg = Debug|Any CPU
		{8E362D5F-1667-4AAA-91FB-03A0800F2219}.Debug|Any CPU.Build.0 = Debug|Any CPU
		{8E362D5F-1667-4AAA-91FB-03A0800F2219}.Debug|Any CPU.Deploy.0 = Debug|Any CPU
		{8E362D5F-1667-4AAA-91FB-03A0800F2219}.Release|Any CPU.ActiveCfg = Release|Any CPU
		{8E362D5F-1667-4AAA-91FB-03A0800F2219}.Release|Any CPU.Build.0 = Release|Any CPU
		{8E362D5F-1667-4AAA-91FB-03A0800F2219}.Release|Any CPU.Deploy.0 = Release|Any CPU
		{FE403266-95F1-4003-823D-624046044C83}.Debug|Any CPU.ActiveCfg = Debug|Any CPU
		{FE403266-95F1-4003-823D-624046044C83}.Debug|Any CPU.Build.0 = Debug|Any CPU
		{FE403266-95F1-4003-823D-624046044C83}.Release|Any CPU.ActiveCfg = Release|Any CPU
		{FE403266-95F1-4003-823D-624046044C83}.Release|Any CPU.Build.0 = Release|Any CPU
	EndGlobalSection
	GlobalSection(SolutionProperties) = preSolution
		HideSolutionNode = FALSE
	EndGlobalSection
EndGlobal
